// !$*UTF8*$!
{
	archiveVersion = 1;
	classes = {
	};
	objectVersion = 56;
	objects = {

/* Begin PBXBuildFile section */
		041A01D62A03E361009ED4D9 /* ConEduApp.swift in Sources */ = {isa = PBXBuildFile; fileRef = 041A01D52A03E361009ED4D9 /* ConEduApp.swift */; };
		041A01D82A03E361009ED4D9 /* ContentView.swift in Sources */ = {isa = PBXBuildFile; fileRef = 041A01D72A03E361009ED4D9 /* ContentView.swift */; };
		041A01DA2A03E363009ED4D9 /* Assets.xcassets in Resources */ = {isa = PBXBuildFile; fileRef = 041A01D92A03E363009ED4D9 /* Assets.xcassets */; };
		041A01DD2A03E363009ED4D9 /* Preview Assets.xcassets in Resources */ = {isa = PBXBuildFile; fileRef = 041A01DC2A03E363009ED4D9 /* Preview Assets.xcassets */; };
		046C62AD2A07844B005035F3 /* SchoolView.swift in Sources */ = {isa = PBXBuildFile; fileRef = 046C62AC2A07844B005035F3 /* SchoolView.swift */; };
		046C62B12A0784E4005035F3 /* ProfileView.swift in Sources */ = {isa = PBXBuildFile; fileRef = 046C62B02A0784E4005035F3 /* ProfileView.swift */; };
		046C62B42A078FA6005035F3 /* Custom_Rounded_Rectangle.swift in Sources */ = {isa = PBXBuildFile; fileRef = 046C62B32A078FA6005035F3 /* Custom_Rounded_Rectangle.swift */; };
		046C62B62A07954A005035F3 /* School.swift in Sources */ = {isa = PBXBuildFile; fileRef = 046C62B52A07954A005035F3 /* School.swift */; };
		046C62B82A079844005035F3 /* DummyData.json in Resources */ = {isa = PBXBuildFile; fileRef = 046C62B72A079844005035F3 /* DummyData.json */; };
		04E1C79E2A191A9F00D3DD3D /* Student.swift in Sources */ = {isa = PBXBuildFile; fileRef = 04E1C79D2A191A9F00D3DD3D /* Student.swift */; };
		04E1C7A02A19F1C100D3DD3D /* SchoolController.swift in Sources */ = {isa = PBXBuildFile; fileRef = 04E1C79F2A19F1C100D3DD3D /* SchoolController.swift */; };
		BF218B7D2A1BB26F00D70577 /* WishlistController.swift in Sources */ = {isa = PBXBuildFile; fileRef = BF218B7C2A1BB26F00D70577 /* WishlistController.swift */; };
		BF218B7F2A1BB28100D70577 /* SchoolDetailView.swift in Sources */ = {isa = PBXBuildFile; fileRef = BF218B7E2A1BB28100D70577 /* SchoolDetailView.swift */; };
		BF218B812A1BB28F00D70577 /* Wishlist.swift in Sources */ = {isa = PBXBuildFile; fileRef = BF218B802A1BB28F00D70577 /* Wishlist.swift */; };
		BF218B832A1BCB8600D70577 /* WishlistView.swift in Sources */ = {isa = PBXBuildFile; fileRef = BF218B822A1BCB8600D70577 /* WishlistView.swift */; };
		BF218B852A1C8DF400D70577 /* ToastView.swift in Sources */ = {isa = PBXBuildFile; fileRef = BF218B842A1C8DF400D70577 /* ToastView.swift */; };
/* End PBXBuildFile section */

/* Begin PBXFileReference section */
		041A01D22A03E361009ED4D9 /* ConEdu.app */ = {isa = PBXFileReference; explicitFileType = wrapper.application; includeInIndex = 0; path = ConEdu.app; sourceTree = BUILT_PRODUCTS_DIR; };
		041A01D52A03E361009ED4D9 /* ConEduApp.swift */ = {isa = PBXFileReference; lastKnownFileType = sourcecode.swift; path = ConEduApp.swift; sourceTree = "<group>"; };
		041A01D72A03E361009ED4D9 /* ContentView.swift */ = {isa = PBXFileReference; lastKnownFileType = sourcecode.swift; path = ContentView.swift; sourceTree = "<group>"; };
		041A01D92A03E363009ED4D9 /* Assets.xcassets */ = {isa = PBXFileReference; lastKnownFileType = folder.assetcatalog; path = Assets.xcassets; sourceTree = "<group>"; };
		041A01DC2A03E363009ED4D9 /* Preview Assets.xcassets */ = {isa = PBXFileReference; lastKnownFileType = folder.assetcatalog; path = "Preview Assets.xcassets"; sourceTree = "<group>"; };
		041A01E62A03E8FC009ED4D9 /* Info.plist */ = {isa = PBXFileReference; lastKnownFileType = text.plist; path = Info.plist; sourceTree = "<group>"; };
		046C62AC2A07844B005035F3 /* SchoolView.swift */ = {isa = PBXFileReference; lastKnownFileType = sourcecode.swift; path = SchoolView.swift; sourceTree = "<group>"; };
		046C62B02A0784E4005035F3 /* ProfileView.swift */ = {isa = PBXFileReference; lastKnownFileType = sourcecode.swift; path = ProfileView.swift; sourceTree = "<group>"; };
		046C62B32A078FA6005035F3 /* Custom_Rounded_Rectangle.swift */ = {isa = PBXFileReference; lastKnownFileType = sourcecode.swift; path = Custom_Rounded_Rectangle.swift; sourceTree = "<group>"; };
		046C62B52A07954A005035F3 /* School.swift */ = {isa = PBXFileReference; lastKnownFileType = sourcecode.swift; path = School.swift; sourceTree = "<group>"; };
		046C62B72A079844005035F3 /* DummyData.json */ = {isa = PBXFileReference; fileEncoding = 4; lastKnownFileType = text.json; path = DummyData.json; sourceTree = "<group>"; };
		04E1C79D2A191A9F00D3DD3D /* Student.swift */ = {isa = PBXFileReference; lastKnownFileType = sourcecode.swift; path = Student.swift; sourceTree = "<group>"; };
		04E1C79F2A19F1C100D3DD3D /* SchoolController.swift */ = {isa = PBXFileReference; lastKnownFileType = sourcecode.swift; path = SchoolController.swift; sourceTree = "<group>"; };
		BF218B7C2A1BB26F00D70577 /* WishlistController.swift */ = {isa = PBXFileReference; lastKnownFileType = sourcecode.swift; path = WishlistController.swift; sourceTree = "<group>"; };
		BF218B7E2A1BB28100D70577 /* SchoolDetailView.swift */ = {isa = PBXFileReference; lastKnownFileType = sourcecode.swift; path = SchoolDetailView.swift; sourceTree = "<group>"; };
		BF218B802A1BB28F00D70577 /* Wishlist.swift */ = {isa = PBXFileReference; lastKnownFileType = sourcecode.swift; path = Wishlist.swift; sourceTree = "<group>"; };
		BF218B822A1BCB8600D70577 /* WishlistView.swift */ = {isa = PBXFileReference; lastKnownFileType = sourcecode.swift; path = WishlistView.swift; sourceTree = "<group>"; };
		BF218B842A1C8DF400D70577 /* ToastView.swift */ = {isa = PBXFileReference; lastKnownFileType = sourcecode.swift; path = ToastView.swift; sourceTree = "<group>"; };
/* End PBXFileReference section */

/* Begin PBXFrameworksBuildPhase section */
		041A01CF2A03E361009ED4D9 /* Frameworks */ = {
			isa = PBXFrameworksBuildPhase;
			buildActionMask = 2147483647;
			files = (
			);
			runOnlyForDeploymentPostprocessing = 0;
		};
/* End PBXFrameworksBuildPhase section */

/* Begin PBXGroup section */
		041A01C92A03E361009ED4D9 = {
			isa = PBXGroup;
			children = (
				041A01D42A03E361009ED4D9 /* ConEdu */,
				046C62B72A079844005035F3 /* DummyData.json */,
				041A01D32A03E361009ED4D9 /* Products */,
			);
			sourceTree = "<group>";
		};
		041A01D32A03E361009ED4D9 /* Products */ = {
			isa = PBXGroup;
			children = (
				041A01D22A03E361009ED4D9 /* ConEdu.app */,
			);
			name = Products;
			sourceTree = "<group>";
		};
		041A01D42A03E361009ED4D9 /* ConEdu */ = {
			isa = PBXGroup;
			children = (
				041A01E62A03E8FC009ED4D9 /* Info.plist */,
				041A01D52A03E361009ED4D9 /* ConEduApp.swift */,
				041A01D72A03E361009ED4D9 /* ContentView.swift */,
				041A01E52A03E699009ED4D9 /* Controller */,
				041A01E42A03E691009ED4D9 /* View */,
				041A01E32A03E68A009ED4D9 /* Model */,
				046C62B22A078F88005035F3 /* Helpers */,
				041A01D92A03E363009ED4D9 /* Assets.xcassets */,
				041A01DB2A03E363009ED4D9 /* Preview Content */,
			);
			path = ConEdu;
			sourceTree = "<group>";
		};
		041A01DB2A03E363009ED4D9 /* Preview Content */ = {
			isa = PBXGroup;
			children = (
				041A01DC2A03E363009ED4D9 /* Preview Assets.xcassets */,
			);
			path = "Preview Content";
			sourceTree = "<group>";
		};
		041A01E32A03E68A009ED4D9 /* Model */ = {
			isa = PBXGroup;
			children = (
				046C62B52A07954A005035F3 /* School.swift */,
				04E1C79D2A191A9F00D3DD3D /* Student.swift */,
				BF218B802A1BB28F00D70577 /* Wishlist.swift */,
			);
			path = Model;
			sourceTree = "<group>";
		};
		041A01E42A03E691009ED4D9 /* View */ = {
			isa = PBXGroup;
			children = (
				046C62AC2A07844B005035F3 /* SchoolView.swift */,
				046C62B02A0784E4005035F3 /* ProfileView.swift */,
				BF218B7E2A1BB28100D70577 /* SchoolDetailView.swift */,
				BF218B822A1BCB8600D70577 /* WishlistView.swift */,
				BF218B842A1C8DF400D70577 /* ToastView.swift */,
			);
			path = View;
			sourceTree = "<group>";
		};
		041A01E52A03E699009ED4D9 /* Controller */ = {
			isa = PBXGroup;
			children = (
				04E1C79F2A19F1C100D3DD3D /* SchoolController.swift */,
				BF218B7C2A1BB26F00D70577 /* WishlistController.swift */,
			);
			path = Controller;
			sourceTree = "<group>";
		};
		046C62B22A078F88005035F3 /* Helpers */ = {
			isa = PBXGroup;
			children = (
				046C62B32A078FA6005035F3 /* Custom_Rounded_Rectangle.swift */,
			);
			path = Helpers;
			sourceTree = "<group>";
		};
/* End PBXGroup section */

/* Begin PBXNativeTarget section */
		041A01D12A03E361009ED4D9 /* ConEdu */ = {
			isa = PBXNativeTarget;
			buildConfigurationList = 041A01E02A03E363009ED4D9 /* Build configuration list for PBXNativeTarget "ConEdu" */;
			buildPhases = (
				041A01CE2A03E361009ED4D9 /* Sources */,
				041A01CF2A03E361009ED4D9 /* Frameworks */,
				041A01D02A03E361009ED4D9 /* Resources */,
			);
			buildRules = (
			);
			dependencies = (
			);
			name = ConEdu;
			productName = ConEdu;
			productReference = 041A01D22A03E361009ED4D9 /* ConEdu.app */;
			productType = "com.apple.product-type.application";
		};
/* End PBXNativeTarget section */

/* Begin PBXProject section */
		041A01CA2A03E361009ED4D9 /* Project object */ = {
			isa = PBXProject;
			attributes = {
				BuildIndependentTargetsInParallel = 1;
				LastSwiftUpdateCheck = 1420;
				LastUpgradeCheck = 1420;
				TargetAttributes = {
					041A01D12A03E361009ED4D9 = {
						CreatedOnToolsVersion = 14.2;
					};
				};
			};
			buildConfigurationList = 041A01CD2A03E361009ED4D9 /* Build configuration list for PBXProject "ConEdu" */;
			compatibilityVersion = "Xcode 14.0";
			developmentRegion = en;
			hasScannedForEncodings = 0;
			knownRegions = (
				en,
				Base,
			);
			mainGroup = 041A01C92A03E361009ED4D9;
			productRefGroup = 041A01D32A03E361009ED4D9 /* Products */;
			projectDirPath = "";
			projectRoot = "";
			targets = (
				041A01D12A03E361009ED4D9 /* ConEdu */,
			);
		};
/* End PBXProject section */

/* Begin PBXResourcesBuildPhase section */
		041A01D02A03E361009ED4D9 /* Resources */ = {
			isa = PBXResourcesBuildPhase;
			buildActionMask = 2147483647;
			files = (
				041A01DD2A03E363009ED4D9 /* Preview Assets.xcassets in Resources */,
				041A01DA2A03E363009ED4D9 /* Assets.xcassets in Resources */,
				046C62B82A079844005035F3 /* DummyData.json in Resources */,
			);
			runOnlyForDeploymentPostprocessing = 0;
		};
/* End PBXResourcesBuildPhase section */

/* Begin PBXSourcesBuildPhase section */
		041A01CE2A03E361009ED4D9 /* Sources */ = {
			isa = PBXSourcesBuildPhase;
			buildActionMask = 2147483647;
			files = (
				046C62B62A07954A005035F3 /* School.swift in Sources */,
				BF218B832A1BCB8600D70577 /* WishlistView.swift in Sources */,
				041A01D82A03E361009ED4D9 /* ContentView.swift in Sources */,
				046C62AD2A07844B005035F3 /* SchoolView.swift in Sources */,
				BF218B852A1C8DF400D70577 /* ToastView.swift in Sources */,
				BF218B812A1BB28F00D70577 /* Wishlist.swift in Sources */,
				BF218B7D2A1BB26F00D70577 /* WishlistController.swift in Sources */,
				046C62B12A0784E4005035F3 /* ProfileView.swift in Sources */,
				04E1C7A02A19F1C100D3DD3D /* SchoolController.swift in Sources */,
				041A01D62A03E361009ED4D9 /* ConEduApp.swift in Sources */,
				04E1C79E2A191A9F00D3DD3D /* Student.swift in Sources */,
				046C62B42A078FA6005035F3 /* Custom_Rounded_Rectangle.swift in Sources */,
				BF218B7F2A1BB28100D70577 /* SchoolDetailView.swift in Sources */,
			);
			runOnlyForDeploymentPostprocessing = 0;
		};
/* End PBXSourcesBuildPhase section */

/* Begin XCBuildConfiguration section */
		041A01DE2A03E363009ED4D9 /* Debug */ = {
			isa = XCBuildConfiguration;
			buildSettings = {
				ALWAYS_SEARCH_USER_PATHS = NO;
				CLANG_ANALYZER_NONNULL = YES;
				CLANG_ANALYZER_NUMBER_OBJECT_CONVERSION = YES_AGGRESSIVE;
				CLANG_CXX_LANGUAGE_STANDARD = "gnu++20";
				CLANG_ENABLE_MODULES = YES;
				CLANG_ENABLE_OBJC_ARC = YES;
				CLANG_ENABLE_OBJC_WEAK = YES;
				CLANG_WARN_BLOCK_CAPTURE_AUTORELEASING = YES;
				CLANG_WARN_BOOL_CONVERSION = YES;
				CLANG_WARN_COMMA = YES;
				CLANG_WARN_CONSTANT_CONVERSION = YES;
				CLANG_WARN_DEPRECATED_OBJC_IMPLEMENTATIONS = YES;
				CLANG_WARN_DIRECT_OBJC_ISA_USAGE = YES_ERROR;
				CLANG_WARN_DOCUMENTATION_COMMENTS = YES;
				CLANG_WARN_EMPTY_BODY = YES;
				CLANG_WARN_ENUM_CONVERSION = YES;
				CLANG_WARN_INFINITE_RECURSION = YES;
				CLANG_WARN_INT_CONVERSION = YES;
				CLANG_WARN_NON_LITERAL_NULL_CONVERSION = YES;
				CLANG_WARN_OBJC_IMPLICIT_RETAIN_SELF = YES;
				CLANG_WARN_OBJC_LITERAL_CONVERSION = YES;
				CLANG_WARN_OBJC_ROOT_CLASS = YES_ERROR;
				CLANG_WARN_QUOTED_INCLUDE_IN_FRAMEWORK_HEADER = YES;
				CLANG_WARN_RANGE_LOOP_ANALYSIS = YES;
				CLANG_WARN_STRICT_PROTOTYPES = YES;
				CLANG_WARN_SUSPICIOUS_MOVE = YES;
				CLANG_WARN_UNGUARDED_AVAILABILITY = YES_AGGRESSIVE;
				CLANG_WARN_UNREACHABLE_CODE = YES;
				CLANG_WARN__DUPLICATE_METHOD_MATCH = YES;
				COPY_PHASE_STRIP = NO;
				DEBUG_INFORMATION_FORMAT = dwarf;
				ENABLE_STRICT_OBJC_MSGSEND = YES;
				ENABLE_TESTABILITY = YES;
				GCC_C_LANGUAGE_STANDARD = gnu11;
				GCC_DYNAMIC_NO_PIC = NO;
				GCC_NO_COMMON_BLOCKS = YES;
				GCC_OPTIMIZATION_LEVEL = 0;
				GCC_PREPROCESSOR_DEFINITIONS = (
					"DEBUG=1",
					"$(inherited)",
				);
				GCC_WARN_64_TO_32_BIT_CONVERSION = YES;
				GCC_WARN_ABOUT_RETURN_TYPE = YES_ERROR;
				GCC_WARN_UNDECLARED_SELECTOR = YES;
				GCC_WARN_UNINITIALIZED_AUTOS = YES_AGGRESSIVE;
				GCC_WARN_UNUSED_FUNCTION = YES;
				GCC_WARN_UNUSED_VARIABLE = YES;
				IPHONEOS_DEPLOYMENT_TARGET = 16.2;
				MTL_ENABLE_DEBUG_INFO = INCLUDE_SOURCE;
				MTL_FAST_MATH = YES;
				ONLY_ACTIVE_ARCH = YES;
				SDKROOT = iphoneos;
				SWIFT_ACTIVE_COMPILATION_CONDITIONS = DEBUG;
				SWIFT_OPTIMIZATION_LEVEL = "-Onone";
			};
			name = Debug;
		};
		041A01DF2A03E363009ED4D9 /* Release */ = {
			isa = XCBuildConfiguration;
			buildSettings = {
				ALWAYS_SEARCH_USER_PATHS = NO;
				CLANG_ANALYZER_NONNULL = YES;
				CLANG_ANALYZER_NUMBER_OBJECT_CONVERSION = YES_AGGRESSIVE;
				CLANG_CXX_LANGUAGE_STANDARD = "gnu++20";
				CLANG_ENABLE_MODULES = YES;
				CLANG_ENABLE_OBJC_ARC = YES;
				CLANG_ENABLE_OBJC_WEAK = YES;
				CLANG_WARN_BLOCK_CAPTURE_AUTORELEASING = YES;
				CLANG_WARN_BOOL_CONVERSION = YES;
				CLANG_WARN_COMMA = YES;
				CLANG_WARN_CONSTANT_CONVERSION = YES;
				CLANG_WARN_DEPRECATED_OBJC_IMPLEMENTATIONS = YES;
				CLANG_WARN_DIRECT_OBJC_ISA_USAGE = YES_ERROR;
				CLANG_WARN_DOCUMENTATION_COMMENTS = YES;
				CLANG_WARN_EMPTY_BODY = YES;
				CLANG_WARN_ENUM_CONVERSION = YES;
				CLANG_WARN_INFINITE_RECURSION = YES;
				CLANG_WARN_INT_CONVERSION = YES;
				CLANG_WARN_NON_LITERAL_NULL_CONVERSION = YES;
				CLANG_WARN_OBJC_IMPLICIT_RETAIN_SELF = YES;
				CLANG_WARN_OBJC_LITERAL_CONVERSION = YES;
				CLANG_WARN_OBJC_ROOT_CLASS = YES_ERROR;
				CLANG_WARN_QUOTED_INCLUDE_IN_FRAMEWORK_HEADER = YES;
				CLANG_WARN_RANGE_LOOP_ANALYSIS = YES;
				CLANG_WARN_STRICT_PROTOTYPES = YES;
				CLANG_WARN_SUSPICIOUS_MOVE = YES;
				CLANG_WARN_UNGUARDED_AVAILABILITY = YES_AGGRESSIVE;
				CLANG_WARN_UNREACHABLE_CODE = YES;
				CLANG_WARN__DUPLICATE_METHOD_MATCH = YES;
				COPY_PHASE_STRIP = NO;
				DEBUG_INFORMATION_FORMAT = "dwarf-with-dsym";
				ENABLE_NS_ASSERTIONS = NO;
				ENABLE_STRICT_OBJC_MSGSEND = YES;
				GCC_C_LANGUAGE_STANDARD = gnu11;
				GCC_NO_COMMON_BLOCKS = YES;
				GCC_WARN_64_TO_32_BIT_CONVERSION = YES;
				GCC_WARN_ABOUT_RETURN_TYPE = YES_ERROR;
				GCC_WARN_UNDECLARED_SELECTOR = YES;
				GCC_WARN_UNINITIALIZED_AUTOS = YES_AGGRESSIVE;
				GCC_WARN_UNUSED_FUNCTION = YES;
				GCC_WARN_UNUSED_VARIABLE = YES;
				IPHONEOS_DEPLOYMENT_TARGET = 16.2;
				MTL_ENABLE_DEBUG_INFO = NO;
				MTL_FAST_MATH = YES;
				SDKROOT = iphoneos;
				SWIFT_COMPILATION_MODE = wholemodule;
				SWIFT_OPTIMIZATION_LEVEL = "-O";
				VALIDATE_PRODUCT = YES;
			};
			name = Release;
		};
		041A01E12A03E363009ED4D9 /* Debug */ = {
			isa = XCBuildConfiguration;
			buildSettings = {
				ASSETCATALOG_COMPILER_APPICON_NAME = AppIcon;
				ASSETCATALOG_COMPILER_GLOBAL_ACCENT_COLOR_NAME = AccentColor;
				CODE_SIGN_STYLE = Automatic;
				CURRENT_PROJECT_VERSION = 1;
				DEVELOPMENT_ASSET_PATHS = "\"ConEdu/Preview Content\"";
				DEVELOPMENT_TEAM = 5CUBJYX37F;
				ENABLE_PREVIEWS = YES;
				GENERATE_INFOPLIST_FILE = YES;
				INFOPLIST_FILE = ConEdu/Info.plist;
				INFOPLIST_KEY_UIApplicationSceneManifest_Generation = YES;
				INFOPLIST_KEY_UIApplicationSupportsIndirectInputEvents = YES;
				INFOPLIST_KEY_UISupportedInterfaceOrientations_iPad = "UIInterfaceOrientationPortrait UIInterfaceOrientationPortraitUpsideDown UIInterfaceOrientationLandscapeLeft UIInterfaceOrientationLandscapeRight";
				INFOPLIST_KEY_UISupportedInterfaceOrientations_iPhone = "UIInterfaceOrientationPortrait UIInterfaceOrientationLandscapeLeft UIInterfaceOrientationLandscapeRight";
				LD_RUNPATH_SEARCH_PATHS = (
					"$(inherited)",
					"@executable_path/Frameworks",
				);
				MARKETING_VERSION = 1.0;
				PRODUCT_BUNDLE_IDENTIFIER = Hagen.ConEdu;
				PRODUCT_NAME = "$(TARGET_NAME)";
				SWIFT_EMIT_LOC_STRINGS = YES;
				SWIFT_VERSION = 5.0;
				TARGETED_DEVICE_FAMILY = "1,2";
			};
			name = Debug;
		};
		041A01E22A03E363009ED4D9 /* Release */ = {
			isa = XCBuildConfiguration;
			buildSettings = {
				ASSETCATALOG_COMPILER_APPICON_NAME = AppIcon;
				ASSETCATALOG_COMPILER_GLOBAL_ACCENT_COLOR_NAME = AccentColor;
				CODE_SIGN_STYLE = Automatic;
				CURRENT_PROJECT_VERSION = 1;
				DEVELOPMENT_ASSET_PATHS = "\"ConEdu/Preview Content\"";
				DEVELOPMENT_TEAM = 5CUBJYX37F;
				ENABLE_PREVIEWS = YES;
				GENERATE_INFOPLIST_FILE = YES;
				INFOPLIST_FILE = ConEdu/Info.plist;
				INFOPLIST_KEY_UIApplicationSceneManifest_Generation = YES;
				INFOPLIST_KEY_UIApplicationSupportsIndirectInputEvents = YES;
				INFOPLIST_KEY_UISupportedInterfaceOrientations_iPad = "UIInterfaceOrientationPortrait UIInterfaceOrientationPortraitUpsideDown UIInterfaceOrientationLandscapeLeft UIInterfaceOrientationLandscapeRight";
				INFOPLIST_KEY_UISupportedInterfaceOrientations_iPhone = "UIInterfaceOrientationPortrait UIInterfaceOrientationLandscapeLeft UIInterfaceOrientationLandscapeRight";
				LD_RUNPATH_SEARCH_PATHS = (
					"$(inherited)",
					"@executable_path/Frameworks",
				);
				MARKETING_VERSION = 1.0;
				PRODUCT_BUNDLE_IDENTIFIER = Hagen.ConEdu;
				PRODUCT_NAME = "$(TARGET_NAME)";
				SWIFT_EMIT_LOC_STRINGS = YES;
				SWIFT_VERSION = 5.0;
				TARGETED_DEVICE_FAMILY = "1,2";
			};
			name = Release;
		};
/* End XCBuildConfiguration section */

/* Begin XCConfigurationList section */
		041A01CD2A03E361009ED4D9 /* Build configuration list for PBXProject "ConEdu" */ = {
			isa = XCConfigurationList;
			buildConfigurations = (
				041A01DE2A03E363009ED4D9 /* Debug */,
				041A01DF2A03E363009ED4D9 /* Release */,
			);
			defaultConfigurationIsVisible = 0;
			defaultConfigurationName = Release;
		};
		041A01E02A03E363009ED4D9 /* Build configuration list for PBXNativeTarget "ConEdu" */ = {
			isa = XCConfigurationList;
			buildConfigurations = (
				041A01E12A03E363009ED4D9 /* Debug */,
				041A01E22A03E363009ED4D9 /* Release */,
			);
			defaultConfigurationIsVisible = 0;
			defaultConfigurationName = Release;
		};
/* End XCConfigurationList section */
	};
	rootObject = 041A01CA2A03E361009ED4D9 /* Project object */;
}
